
Microsoft Visual Studio Solution File, Format Version 12.00
# Visual Studio 14
VisualStudioVersion = 14.0.25420.1
MinimumVisualStudioVersion = 10.0.40219.1
Project("{FAE04EC0-301F-11D3-BF4B-00C04F79EFBC}") = "ScopeAnalyzer", "ColumnReductionAnalysis\ScopeAnalyzer\ScopeAnalyzer.csproj", "{90C431C8-AB8C-444F-904C-350C236D27DE}"
EndProject
Project("{FAE04EC0-301F-11D3-BF4B-00C04F79EFBC}") = "ScopeAnalysisTester", "ColumnReductionAnalysis\ScopeAnalysisTester\ScopeAnalysisTester.csproj", "{94BD9053-3B44-4657-B22A-0B229196BB0B}"
EndProject
Project("{FAE04EC0-301F-11D3-BF4B-00C04F79EFBC}") = "BulkScopeAnalyzer", "ColumnReductionAnalysis\BulkScopeAnalyzer\BulkScopeAnalyzer.csproj", "{4A4AD12B-670E-482B-909A-7B2BDF4843E1}"
EndProject
Project("{FAE04EC0-301F-11D3-BF4B-00C04F79EFBC}") = "Backend", "analysis-net\Backend\Backend.csproj", "{45C7B613-E32D-43E8-8030-932D509602EB}"
EndProject
Project("{FAE04EC0-301F-11D3-BF4B-00C04F79EFBC}") = "Console", "analysis-net\Console\Console.csproj", "{C836D6AD-2A48-4FFF-A958-023C48A65478}"
EndProject
Global
	GlobalSection(SolutionConfigurationPlatforms) = preSolution
		Debug|Any CPU = Debug|Any CPU
		Release|Any CPU = Release|Any CPU
	EndGlobalSection
	GlobalSection(ProjectConfigurationPlatforms) = postSolution
		{90C431C8-AB8C-444F-904C-350C236D27DE}.Debug|Any CPU.ActiveCfg = Debug|Any CPU
		{90C431C8-AB8C-444F-904C-350C236D27DE}.Debug|Any CPU.Build.0 = Debug|Any CPU
		{90C431C8-AB8C-444F-904C-350C236D27DE}.Release|Any CPU.ActiveCfg = Release|Any CPU
		{90C431C8-AB8C-444F-904C-350C236D27DE}.Release|Any CPU.Build.0 = Release|Any CPU
		{94BD9053-3B44-4657-B22A-0B229196BB0B}.Debug|Any CPU.ActiveCfg = Debug|Any CPU
		{94BD9053-3B44-4657-B22A-0B229196BB0B}.Debug|Any CPU.Build.0 = Debug|Any CPU
		{94BD9053-3B44-4657-B22A-0B229196BB0B}.Release|Any CPU.ActiveCfg = Release|Any CPU
		{94BD9053-3B44-4657-B22A-0B229196BB0B}.Release|Any CPU.Build.0 = Release|Any CPU
		{4A4AD12B-670E-482B-909A-7B2BDF4843E1}.Debug|Any CPU.ActiveCfg = Debug|Any CPU
		{4A4AD12B-670E-482B-909A-7B2BDF4843E1}.Debug|Any CPU.Build.0 = Debug|Any CPU
		{4A4AD12B-670E-482B-909A-7B2BDF4843E1}.Release|Any CPU.ActiveCfg = Release|Any CPU
		{4A4AD12B-670E-482B-909A-7B2BDF4843E1}.Release|Any CPU.Build.0 = Release|Any CPU
		{45C7B613-E32D-43E8-8030-932D509602EB}.Debug|Any CPU.ActiveCfg = Debug|Any CPU
		{45C7B613-E32D-43E8-8030-932D509602EB}.Debug|Any CPU.Build.0 = Debug|Any CPU
		{45C7B613-E32D-43E8-8030-932D509602EB}.Release|Any CPU.ActiveCfg = Release|Any CPU
		{45C7B613-E32D-43E8-8030-932D509602EB}.Release|Any CPU.Build.0 = Release|Any CPU
		{C836D6AD-2A48-4FFF-A958-023C48A65478}.Debug|Any CPU.ActiveCfg = Debug|Any CPU
		{C836D6AD-2A48-4FFF-A958-023C48A65478}.Debug|Any CPU.Build.0 = Debug|Any CPU
		{C836D6AD-2A48-4FFF-A958-023C48A65478}.Release|Any CPU.ActiveCfg = Release|Any CPU
		{C836D6AD-2A48-4FFF-A958-023C48A65478}.Release|Any CPU.Build.0 = Release|Any CPU
	EndGlobalSection
	GlobalSection(SolutionProperties) = preSolution
		HideSolutionNode = FALSE
	EndGlobalSection
EndGlobal
