
Microsoft Visual Studio Solution File, Format Version 12.00
# Visual Studio 14
VisualStudioVersion = 14.0.25420.1
MinimumVisualStudioVersion = 10.0.40219.1
Project("{FAE04EC0-301F-11D3-BF4B-00C04F79EFBC}") = "ScopeProgramAnalysis", "ScopeProgramAnalysis\ScopeProgramAnalysis.csproj", "{3F115C9F-E6D2-424D-8CF5-C023DD4B929A}"
EndProject
Project("{FAE04EC0-301F-11D3-BF4B-00C04F79EFBC}") = "ScopeAnalysisBulkScripts", "ScopeProgramAnalysis\ScopeAnalysisBulkScripts\ScopeAnalysisBulkScripts.csproj", "{BF337A56-0CE5-43EA-92E3-270994332312}"
EndProject
Project("{FAE04EC0-301F-11D3-BF4B-00C04F79EFBC}") = "AnalysisClient", "AnalysisClient\AnalysisClient.csproj", "{EDB1C398-A573-4CE1-A636-B8A823C218F3}"
EndProject
Project("{FAE04EC0-301F-11D3-BF4B-00C04F79EFBC}") = "Compare", "CompareAnalysisOutput\Compare\Compare.csproj", "{C84D7438-A53F-4A90-874D-DCF60B441BBC}"
EndProject
Project("{FAE04EC0-301F-11D3-BF4B-00C04F79EFBC}") = "SimpleTests", "ScopeProgramAnalysis\Tests\SimpleTests\SimpleTests\SimpleTests.csproj", "{EB843856-A8E4-4475-BAFF-E0B84E97B364}"
EndProject
Project("{2150E333-8FDC-42A3-9474-1A3956D46DE8}") = "Tests", "Tests", "{14F40A22-FC0B-411A-902B-3AA9DD9368C5}"
EndProject
Project("{FAE04EC0-301F-11D3-BF4B-00C04F79EFBC}") = "CodeUnderTest", "ScopeProgramAnalysis\Tests\CodeUnderTest\CodeUnderTest.csproj", "{C2537313-C755-4997-9ED3-A1FE05C5A0C4}"
EndProject
Project("{FAE04EC0-301F-11D3-BF4B-00C04F79EFBC}") = "Backend", "analysis-net\Backend\Backend.csproj", "{45C7B613-E32D-43E8-8030-932D509602EB}"
EndProject
Project("{FAE04EC0-301F-11D3-BF4B-00C04F79EFBC}") = "ScopeAnalyzer", "ColumnReductionAnalysis\ScopeAnalyzer\ScopeAnalyzer.csproj", "{90C431C8-AB8C-444F-904C-350C236D27DE}"
EndProject
Project("{FAE04EC0-301F-11D3-BF4B-00C04F79EFBC}") = "ScopeRuntime", "ScopeProgramAnalysis\Tests\ScopeRuntime\ScopeRuntime.csproj", "{B82D9314-1EF8-4B8C-9E7A-17597ECED6CF}"
EndProject
Global
	GlobalSection(SolutionConfigurationPlatforms) = preSolution
		Debug|Any CPU = Debug|Any CPU
		Release|Any CPU = Release|Any CPU
	EndGlobalSection
	GlobalSection(ProjectConfigurationPlatforms) = postSolution
		{3F115C9F-E6D2-424D-8CF5-C023DD4B929A}.Debug|Any CPU.ActiveCfg = Debug|Any CPU
		{3F115C9F-E6D2-424D-8CF5-C023DD4B929A}.Debug|Any CPU.Build.0 = Debug|Any CPU
		{3F115C9F-E6D2-424D-8CF5-C023DD4B929A}.Release|Any CPU.ActiveCfg = Release|Any CPU
		{3F115C9F-E6D2-424D-8CF5-C023DD4B929A}.Release|Any CPU.Build.0 = Release|Any CPU
		{BF337A56-0CE5-43EA-92E3-270994332312}.Debug|Any CPU.ActiveCfg = Debug|Any CPU
		{BF337A56-0CE5-43EA-92E3-270994332312}.Debug|Any CPU.Build.0 = Debug|Any CPU
		{BF337A56-0CE5-43EA-92E3-270994332312}.Release|Any CPU.ActiveCfg = Release|Any CPU
		{BF337A56-0CE5-43EA-92E3-270994332312}.Release|Any CPU.Build.0 = Release|Any CPU
		{EDB1C398-A573-4CE1-A636-B8A823C218F3}.Debug|Any CPU.ActiveCfg = Debug|Any CPU
		{EDB1C398-A573-4CE1-A636-B8A823C218F3}.Debug|Any CPU.Build.0 = Debug|Any CPU
		{EDB1C398-A573-4CE1-A636-B8A823C218F3}.Release|Any CPU.ActiveCfg = Release|Any CPU
		{EDB1C398-A573-4CE1-A636-B8A823C218F3}.Release|Any CPU.Build.0 = Release|Any CPU
		{C84D7438-A53F-4A90-874D-DCF60B441BBC}.Debug|Any CPU.ActiveCfg = Debug|Any CPU
		{C84D7438-A53F-4A90-874D-DCF60B441BBC}.Debug|Any CPU.Build.0 = Debug|Any CPU
		{C84D7438-A53F-4A90-874D-DCF60B441BBC}.Release|Any CPU.ActiveCfg = Release|Any CPU
		{C84D7438-A53F-4A90-874D-DCF60B441BBC}.Release|Any CPU.Build.0 = Release|Any CPU
		{EB843856-A8E4-4475-BAFF-E0B84E97B364}.Debug|Any CPU.ActiveCfg = Debug|Any CPU
		{EB843856-A8E4-4475-BAFF-E0B84E97B364}.Debug|Any CPU.Build.0 = Debug|Any CPU
		{EB843856-A8E4-4475-BAFF-E0B84E97B364}.Release|Any CPU.ActiveCfg = Release|Any CPU
		{EB843856-A8E4-4475-BAFF-E0B84E97B364}.Release|Any CPU.Build.0 = Release|Any CPU
		{C2537313-C755-4997-9ED3-A1FE05C5A0C4}.Debug|Any CPU.ActiveCfg = Debug|Any CPU
		{C2537313-C755-4997-9ED3-A1FE05C5A0C4}.Debug|Any CPU.Build.0 = Debug|Any CPU
		{C2537313-C755-4997-9ED3-A1FE05C5A0C4}.Release|Any CPU.ActiveCfg = Release|Any CPU
		{C2537313-C755-4997-9ED3-A1FE05C5A0C4}.Release|Any CPU.Build.0 = Release|Any CPU
		{45C7B613-E32D-43E8-8030-932D509602EB}.Debug|Any CPU.ActiveCfg = Debug|Any CPU
		{45C7B613-E32D-43E8-8030-932D509602EB}.Debug|Any CPU.Build.0 = Debug|Any CPU
		{45C7B613-E32D-43E8-8030-932D509602EB}.Release|Any CPU.ActiveCfg = Release|Any CPU
		{45C7B613-E32D-43E8-8030-932D509602EB}.Release|Any CPU.Build.0 = Release|Any CPU
		{90C431C8-AB8C-444F-904C-350C236D27DE}.Debug|Any CPU.ActiveCfg = Debug|Any CPU
		{90C431C8-AB8C-444F-904C-350C236D27DE}.Debug|Any CPU.Build.0 = Debug|Any CPU
		{90C431C8-AB8C-444F-904C-350C236D27DE}.Release|Any CPU.ActiveCfg = Release|Any CPU
		{90C431C8-AB8C-444F-904C-350C236D27DE}.Release|Any CPU.Build.0 = Release|Any CPU
		{B82D9314-1EF8-4B8C-9E7A-17597ECED6CF}.Debug|Any CPU.ActiveCfg = Debug|Any CPU
		{B82D9314-1EF8-4B8C-9E7A-17597ECED6CF}.Debug|Any CPU.Build.0 = Debug|Any CPU
		{B82D9314-1EF8-4B8C-9E7A-17597ECED6CF}.Release|Any CPU.ActiveCfg = Release|Any CPU
		{B82D9314-1EF8-4B8C-9E7A-17597ECED6CF}.Release|Any CPU.Build.0 = Release|Any CPU
	EndGlobalSection
	GlobalSection(SolutionProperties) = preSolution
		HideSolutionNode = FALSE
	EndGlobalSection
	GlobalSection(NestedProjects) = preSolution
		{EB843856-A8E4-4475-BAFF-E0B84E97B364} = {14F40A22-FC0B-411A-902B-3AA9DD9368C5}
		{C2537313-C755-4997-9ED3-A1FE05C5A0C4} = {14F40A22-FC0B-411A-902B-3AA9DD9368C5}
		{B82D9314-1EF8-4B8C-9E7A-17597ECED6CF} = {14F40A22-FC0B-411A-902B-3AA9DD9368C5}
	EndGlobalSection
EndGlobal
